
Microsoft Visual Studio Solution File, Format Version 12.00
# Visual Studio 15
VisualStudioVersion = 15.0.27130.2027
MinimumVisualStudioVersion = 10.0.40219.1
Project("{FAE04EC0-301F-11D3-BF4B-00C04F79EFBC}") = "Algo", "Algo\Algo.csproj", "{EBA96E7A-24F8-43F4-AF04-16DF6422220E}"
EndProject
Project("{FAE04EC0-301F-11D3-BF4B-00C04F79EFBC}") = "MS_Lines", "MS_Lines\MS_Lines.csproj", "{DC6D8DF1-EA00-4F70-98AD-6A7EB51E4EBE}"
EndProject
Project("{FAE04EC0-301F-11D3-BF4B-00C04F79EFBC}") = "ObjParser", "ObjParser\ObjParser.csproj", "{04AA9B94-B460-4E73-BAF0-0154494BFE82}"
EndProject
Global
	GlobalSection(SolutionConfigurationPlatforms) = preSolution
		Debug|Any CPU = Debug|Any CPU
		Release|Any CPU = Release|Any CPU
	EndGlobalSection
	GlobalSection(ProjectConfigurationPlatforms) = postSolution
		{EBA96E7A-24F8-43F4-AF04-16DF6422220E}.Debug|Any CPU.ActiveCfg = Debug|Any CPU
		{EBA96E7A-24F8-43F4-AF04-16DF6422220E}.Debug|Any CPU.Build.0 = Debug|Any CPU
		{EBA96E7A-24F8-43F4-AF04-16DF6422220E}.Release|Any CPU.ActiveCfg = Release|Any CPU
		{EBA96E7A-24F8-43F4-AF04-16DF6422220E}.Release|Any CPU.Build.0 = Release|Any CPU
		{DC6D8DF1-EA00-4F70-98AD-6A7EB51E4EBE}.Debug|Any CPU.ActiveCfg = Debug|Any CPU
		{DC6D8DF1-EA00-4F70-98AD-6A7EB51E4EBE}.Debug|Any CPU.Build.0 = Debug|Any CPU
		{DC6D8DF1-EA00-4F70-98AD-6A7EB51E4EBE}.Release|Any CPU.ActiveCfg = Release|Any CPU
		{DC6D8DF1-EA00-4F70-98AD-6A7EB51E4EBE}.Release|Any CPU.Build.0 = Release|Any CPU
		{04AA9B94-B460-4E73-BAF0-0154494BFE82}.Debug|Any CPU.ActiveCfg = Debug|Any CPU
		{04AA9B94-B460-4E73-BAF0-0154494BFE82}.Debug|Any CPU.Build.0 = Debug|Any CPU
		{04AA9B94-B460-4E73-BAF0-0154494BFE82}.Release|Any CPU.ActiveCfg = Release|Any CPU
		{04AA9B94-B460-4E73-BAF0-0154494BFE82}.Release|Any CPU.Build.0 = Release|Any CPU
	EndGlobalSection
	GlobalSection(SolutionProperties) = preSolution
		HideSolutionNode = FALSE
	EndGlobalSection
	GlobalSection(ExtensibilityGlobals) = postSolution
		SolutionGuid = {4B9A2E25-A151-40F4-8599-970464A86533}
	EndGlobalSection
EndGlobal
